
Microsoft Visual Studio Solution File, Format Version 12.00
# Visual Studio Version 16
VisualStudioVersion = 16.0.29123.88
MinimumVisualStudioVersion = 10.0.40219.1
Project("{9A19103F-16F7-4668-BE54-9A1E7A4F7556}") = "Yurtap.Entity", "Yurtap.Entity\Yurtap.Entity.csproj", "{98A7EF3F-08E5-406A-A232-F147ACBF8119}"
EndProject
Project("{9A19103F-16F7-4668-BE54-9A1E7A4F7556}") = "Yurtap.Core", "Yurtap.Core\Yurtap.Core.csproj", "{136E2A38-4231-4B6C-8702-E02A9A756E3D}"
EndProject
Project("{9A19103F-16F7-4668-BE54-9A1E7A4F7556}") = "Yurtap.DataAccess", "Yurtap.DataAccess\Yurtap.DataAccess.csproj", "{94AB08D6-7E7A-4FDF-BAA4-2222A0C4E33B}"
EndProject
Project("{9A19103F-16F7-4668-BE54-9A1E7A4F7556}") = "Yurtap.Business", "Yurtap.Business\Yurtap.Business.csproj", "{3EE00FA2-E890-4F13-8626-4EA9D97E2E61}"
EndProject
Project("{9A19103F-16F7-4668-BE54-9A1E7A4F7556}") = "Yurtap.Web.API", "Yurtap.Web.API\Yurtap.Web.API.csproj", "{1FF848F6-743F-45CD-9ED5-2016161F128A}"
EndProject
Project("{E24C65DC-7377-472B-9ABA-BC803B73C61A}") = "www", "Yurtap.Web.Mobile\www\", "{A0FBFA10-2A1E-4D75-BF9B-798EDAC426CB}"
	ProjectSection(WebsiteProperties) = preProject
		TargetFrameworkMoniker = ".NETFramework,Version%3Dv4.0"
		Debug.AspNetCompiler.VirtualPath = "/localhost_61578"
		Debug.AspNetCompiler.PhysicalPath = "Yurtap.Web.Mobile\www\"
		Debug.AspNetCompiler.TargetPath = "PrecompiledWeb\localhost_61578\"
		Debug.AspNetCompiler.Updateable = "true"
		Debug.AspNetCompiler.ForceOverwrite = "true"
		Debug.AspNetCompiler.FixedNames = "false"
		Debug.AspNetCompiler.Debug = "True"
		Release.AspNetCompiler.VirtualPath = "/localhost_61578"
		Release.AspNetCompiler.PhysicalPath = "Yurtap.Web.Mobile\www\"
		Release.AspNetCompiler.TargetPath = "PrecompiledWeb\localhost_61578\"
		Release.AspNetCompiler.Updateable = "true"
		Release.AspNetCompiler.ForceOverwrite = "true"
		Release.AspNetCompiler.FixedNames = "false"
		Release.AspNetCompiler.Debug = "False"
		VWDPort = "61578"
		SlnRelativePath = "Yurtap.Web.Mobile\www\"
	EndProjectSection
EndProject
Project("{FAE04EC0-301F-11D3-BF4B-00C04F79EFBC}") = "Yurtap.Model", "Yurtap.Model\Yurtap.Model.csproj", "{03E1D718-9AF1-4EC5-9A9A-4D9A1106769C}"
EndProject
Global
	GlobalSection(SolutionConfigurationPlatforms) = preSolution
		Debug|Any CPU = Debug|Any CPU
		Release|Any CPU = Release|Any CPU
	EndGlobalSection
	GlobalSection(ProjectConfigurationPlatforms) = postSolution
		{98A7EF3F-08E5-406A-A232-F147ACBF8119}.Debug|Any CPU.ActiveCfg = Debug|Any CPU
		{98A7EF3F-08E5-406A-A232-F147ACBF8119}.Debug|Any CPU.Build.0 = Debug|Any CPU
		{98A7EF3F-08E5-406A-A232-F147ACBF8119}.Release|Any CPU.ActiveCfg = Release|Any CPU
		{98A7EF3F-08E5-406A-A232-F147ACBF8119}.Release|Any CPU.Build.0 = Release|Any CPU
		{136E2A38-4231-4B6C-8702-E02A9A756E3D}.Debug|Any CPU.ActiveCfg = Debug|Any CPU
		{136E2A38-4231-4B6C-8702-E02A9A756E3D}.Debug|Any CPU.Build.0 = Debug|Any CPU
		{136E2A38-4231-4B6C-8702-E02A9A756E3D}.Release|Any CPU.ActiveCfg = Release|Any CPU
		{136E2A38-4231-4B6C-8702-E02A9A756E3D}.Release|Any CPU.Build.0 = Release|Any CPU
		{94AB08D6-7E7A-4FDF-BAA4-2222A0C4E33B}.Debug|Any CPU.ActiveCfg = Debug|Any CPU
		{94AB08D6-7E7A-4FDF-BAA4-2222A0C4E33B}.Debug|Any CPU.Build.0 = Debug|Any CPU
		{94AB08D6-7E7A-4FDF-BAA4-2222A0C4E33B}.Release|Any CPU.ActiveCfg = Release|Any CPU
		{94AB08D6-7E7A-4FDF-BAA4-2222A0C4E33B}.Release|Any CPU.Build.0 = Release|Any CPU
		{3EE00FA2-E890-4F13-8626-4EA9D97E2E61}.Debug|Any CPU.ActiveCfg = Debug|Any CPU
		{3EE00FA2-E890-4F13-8626-4EA9D97E2E61}.Debug|Any CPU.Build.0 = Debug|Any CPU
		{3EE00FA2-E890-4F13-8626-4EA9D97E2E61}.Release|Any CPU.ActiveCfg = Release|Any CPU
		{3EE00FA2-E890-4F13-8626-4EA9D97E2E61}.Release|Any CPU.Build.0 = Release|Any CPU
		{1FF848F6-743F-45CD-9ED5-2016161F128A}.Debug|Any CPU.ActiveCfg = Debug|Any CPU
		{1FF848F6-743F-45CD-9ED5-2016161F128A}.Debug|Any CPU.Build.0 = Debug|Any CPU
		{1FF848F6-743F-45CD-9ED5-2016161F128A}.Release|Any CPU.ActiveCfg = Release|Any CPU
		{1FF848F6-743F-45CD-9ED5-2016161F128A}.Release|Any CPU.Build.0 = Release|Any CPU
		{A0FBFA10-2A1E-4D75-BF9B-798EDAC426CB}.Debug|Any CPU.ActiveCfg = Debug|Any CPU
		{A0FBFA10-2A1E-4D75-BF9B-798EDAC426CB}.Debug|Any CPU.Build.0 = Debug|Any CPU
		{A0FBFA10-2A1E-4D75-BF9B-798EDAC426CB}.Release|Any CPU.ActiveCfg = Debug|Any CPU
		{A0FBFA10-2A1E-4D75-BF9B-798EDAC426CB}.Release|Any CPU.Build.0 = Debug|Any CPU
		{03E1D718-9AF1-4EC5-9A9A-4D9A1106769C}.Debug|Any CPU.ActiveCfg = Debug|Any CPU
		{03E1D718-9AF1-4EC5-9A9A-4D9A1106769C}.Debug|Any CPU.Build.0 = Debug|Any CPU
		{03E1D718-9AF1-4EC5-9A9A-4D9A1106769C}.Release|Any CPU.ActiveCfg = Release|Any CPU
		{03E1D718-9AF1-4EC5-9A9A-4D9A1106769C}.Release|Any CPU.Build.0 = Release|Any CPU
	EndGlobalSection
	GlobalSection(SolutionProperties) = preSolution
		HideSolutionNode = FALSE
	EndGlobalSection
	GlobalSection(ExtensibilityGlobals) = postSolution
		SolutionGuid = {621EEDE6-5D60-4EFF-AC38-E3BC58DB8A8A}
	EndGlobalSection
EndGlobal
